
Microsoft Visual Studio Solution File, Format Version 12.00
# Visual Studio Version 16
VisualStudioVersion = 16.0.30320.27
MinimumVisualStudioVersion = 10.0.40219.1
Project("{9A19103F-16F7-4668-BE54-9A1E7A4F7556}") = "SkinetApi", "SkinetApi\SkinetApi.csproj", "{BDF22020-D3E8-4476-B2A5-8B810472D42A}"
EndProject
Project("{FAE04EC0-301F-11D3-BF4B-00C04F79EFBC}") = "Core", "Core\Core.csproj", "{3AC81895-F184-479C-A1FB-D4864987D269}"
EndProject
Project("{FAE04EC0-301F-11D3-BF4B-00C04F79EFBC}") = "Infrastructure", "Infrastructure\Infrastructure.csproj", "{93A4D7D7-282F-41E9-8F55-4740C44F452C}"
EndProject
Global
	GlobalSection(SolutionConfigurationPlatforms) = preSolution
		Debug|Any CPU = Debug|Any CPU
		Release|Any CPU = Release|Any CPU
	EndGlobalSection
	GlobalSection(ProjectConfigurationPlatforms) = postSolution
		{BDF22020-D3E8-4476-B2A5-8B810472D42A}.Debug|Any CPU.ActiveCfg = Debug|Any CPU
		{BDF22020-D3E8-4476-B2A5-8B810472D42A}.Debug|Any CPU.Build.0 = Debug|Any CPU
		{BDF22020-D3E8-4476-B2A5-8B810472D42A}.Release|Any CPU.ActiveCfg = Release|Any CPU
		{BDF22020-D3E8-4476-B2A5-8B810472D42A}.Release|Any CPU.Build.0 = Release|Any CPU
		{3AC81895-F184-479C-A1FB-D4864987D269}.Debug|Any CPU.ActiveCfg = Debug|Any CPU
		{3AC81895-F184-479C-A1FB-D4864987D269}.Debug|Any CPU.Build.0 = Debug|Any CPU
		{3AC81895-F184-479C-A1FB-D4864987D269}.Release|Any CPU.ActiveCfg = Release|Any CPU
		{3AC81895-F184-479C-A1FB-D4864987D269}.Release|Any CPU.Build.0 = Release|Any CPU
		{93A4D7D7-282F-41E9-8F55-4740C44F452C}.Debug|Any CPU.ActiveCfg = Debug|Any CPU
		{93A4D7D7-282F-41E9-8F55-4740C44F452C}.Debug|Any CPU.Build.0 = Debug|Any CPU
		{93A4D7D7-282F-41E9-8F55-4740C44F452C}.Release|Any CPU.ActiveCfg = Release|Any CPU
		{93A4D7D7-282F-41E9-8F55-4740C44F452C}.Release|Any CPU.Build.0 = Release|Any CPU
	EndGlobalSection
	GlobalSection(SolutionProperties) = preSolution
		HideSolutionNode = FALSE
	EndGlobalSection
	GlobalSection(ExtensibilityGlobals) = postSolution
		SolutionGuid = {423A3B18-A58B-4316-AF42-D519FA1523A2}
	EndGlobalSection
EndGlobal
